
Microsoft Visual Studio Solution File, Format Version 12.00
# Visual Studio Version 16
VisualStudioVersion = 16.0.29509.3
MinimumVisualStudioVersion = 10.0.40219.1
Project("{9A19103F-16F7-4668-BE54-9A1E7A4F7556}") = "DataInterfaces", "DataInterfaces\DataInterfaces.csproj", "{2B78ABDF-4EFD-4344-985E-B41FBDADA5AA}"
EndProject
Global
	GlobalSection(SolutionConfigurationPlatforms) = preSolution
		Debug|Any CPU = Debug|Any CPU
		NET_5_DEBUG|Any CPU = NET_5_DEBUG|Any CPU
		NET_5_RELEASE|Any CPU = NET_5_RELEASE|Any CPU
		NET_5_WIN_DEBUG|Any CPU = NET_5_WIN_DEBUG|Any CPU
		NET_5_WIN_RELEASE|Any CPU = NET_5_WIN_RELEASE|Any CPU
		Release|Any CPU = Release|Any CPU
	EndGlobalSection
	GlobalSection(ProjectConfigurationPlatforms) = postSolution
		{2B78ABDF-4EFD-4344-985E-B41FBDADA5AA}.Debug|Any CPU.ActiveCfg = Debug|Any CPU
		{2B78ABDF-4EFD-4344-985E-B41FBDADA5AA}.Debug|Any CPU.Build.0 = Debug|Any CPU
		{2B78ABDF-4EFD-4344-985E-B41FBDADA5AA}.NET_5_DEBUG|Any CPU.ActiveCfg = NET_5_DEBUG|Any CPU
		{2B78ABDF-4EFD-4344-985E-B41FBDADA5AA}.NET_5_DEBUG|Any CPU.Build.0 = NET_5_DEBUG|Any CPU
		{2B78ABDF-4EFD-4344-985E-B41FBDADA5AA}.NET_5_RELEASE|Any CPU.ActiveCfg = NET_5_RELEASE|Any CPU
		{2B78ABDF-4EFD-4344-985E-B41FBDADA5AA}.NET_5_RELEASE|Any CPU.Build.0 = NET_5_RELEASE|Any CPU
		{2B78ABDF-4EFD-4344-985E-B41FBDADA5AA}.NET_5_WIN_DEBUG|Any CPU.ActiveCfg = NET_5_WIN_DEBUG|Any CPU
		{2B78ABDF-4EFD-4344-985E-B41FBDADA5AA}.NET_5_WIN_DEBUG|Any CPU.Build.0 = NET_5_WIN_DEBUG|Any CPU
		{2B78ABDF-4EFD-4344-985E-B41FBDADA5AA}.NET_5_WIN_RELEASE|Any CPU.ActiveCfg = NET_5_WIN_RELEASE|Any CPU
		{2B78ABDF-4EFD-4344-985E-B41FBDADA5AA}.NET_5_WIN_RELEASE|Any CPU.Build.0 = NET_5_WIN_RELEASE|Any CPU
		{2B78ABDF-4EFD-4344-985E-B41FBDADA5AA}.Release|Any CPU.ActiveCfg = Release|Any CPU
		{2B78ABDF-4EFD-4344-985E-B41FBDADA5AA}.Release|Any CPU.Build.0 = Release|Any CPU
	EndGlobalSection
	GlobalSection(SolutionProperties) = preSolution
		HideSolutionNode = FALSE
	EndGlobalSection
	GlobalSection(ExtensibilityGlobals) = postSolution
		SolutionGuid = {91139F51-794A-4CF3-ADE2-7694A248B3F8}
	EndGlobalSection
EndGlobal
